// !$*UTF8*$!
{
	archiveVersion = 1;
	classes = {
	};
	objectVersion = 51;
	objects = {

/* Begin PBXBuildFile section */
		E71FF45224794C7D0001EC06 /* AppDelegate.swift in Sources */ = {isa = PBXBuildFile; fileRef = E71FF45124794C7D0001EC06 /* AppDelegate.swift */; };
		E71FF45424794C7D0001EC06 /* SceneDelegate.swift in Sources */ = {isa = PBXBuildFile; fileRef = E71FF45324794C7D0001EC06 /* SceneDelegate.swift */; };
		E71FF45624794C7D0001EC06 /* ViewController.swift in Sources */ = {isa = PBXBuildFile; fileRef = E71FF45524794C7D0001EC06 /* ViewController.swift */; };
		E71FF45924794C7D0001EC06 /* Main.storyboard in Resources */ = {isa = PBXBuildFile; fileRef = E71FF45724794C7D0001EC06 /* Main.storyboard */; };
		E71FF45B24794C800001EC06 /* Assets.xcassets in Resources */ = {isa = PBXBuildFile; fileRef = E71FF45A24794C800001EC06 /* Assets.xcassets */; };
		E71FF45E24794C800001EC06 /* LaunchScreen.storyboard in Resources */ = {isa = PBXBuildFile; fileRef = E71FF45C24794C800001EC06 /* LaunchScreen.storyboard */; };
		E71FF466247951570001EC06 /* HomeViewController.swift in Sources */ = {isa = PBXBuildFile; fileRef = E71FF465247951570001EC06 /* HomeViewController.swift */; };
		E71FF469247951970001EC06 /* TimeLineVoewController.swift in Sources */ = {isa = PBXBuildFile; fileRef = E71FF468247951970001EC06 /* TimeLineVoewController.swift */; };
		E71FF46B247951BE0001EC06 /* GetLikesList.swift in Sources */ = {isa = PBXBuildFile; fileRef = E71FF46A247951BE0001EC06 /* GetLikesList.swift */; };
		E71FF46E247952130001EC06 /* TimeLineCell.swift in Sources */ = {isa = PBXBuildFile; fileRef = E71FF46D247952130001EC06 /* TimeLineCell.swift */; };
		E71FF471247952960001EC06 /* CastomClass.swift in Sources */ = {isa = PBXBuildFile; fileRef = E71FF470247952960001EC06 /* CastomClass.swift */; };
		E71FF473247952BB0001EC06 /* TweetDataModel.swift in Sources */ = {isa = PBXBuildFile; fileRef = E71FF472247952BB0001EC06 /* TweetDataModel.swift */; };
		E71FF475247953420001EC06 /* Authentication.swift in Sources */ = {isa = PBXBuildFile; fileRef = E71FF474247953420001EC06 /* Authentication.swift */; };
		E71FF4772479586D0001EC06 /* GoogleService-Info.plist in Resources */ = {isa = PBXBuildFile; fileRef = E71FF4762479586D0001EC06 /* GoogleService-Info.plist */; };
		E71FF47924795B010001EC06 /* CategoryData.swift in Sources */ = {isa = PBXBuildFile; fileRef = E71FF47824795B010001EC06 /* CategoryData.swift */; };
		E71FF47C2479BBE90001EC06 /* ColorCode.swift in Sources */ = {isa = PBXBuildFile; fileRef = E71FF47B2479BBE90001EC06 /* ColorCode.swift */; };
		E71FF47E247A41D60001EC06 /* AddCategoryViewController.swift in Sources */ = {isa = PBXBuildFile; fileRef = E71FF47D247A41D60001EC06 /* AddCategoryViewController.swift */; };
		E71FF480247F27B70001EC06 /* TweetMedia.swift in Sources */ = {isa = PBXBuildFile; fileRef = E71FF47F247F27B60001EC06 /* TweetMedia.swift */; };
		E71FF482247F823A0001EC06 /* RealmObject.swift in Sources */ = {isa = PBXBuildFile; fileRef = E71FF481247F823A0001EC06 /* RealmObject.swift */; };
		E71FF4842482EA2E0001EC06 /* ShowTweetModel.swift in Sources */ = {isa = PBXBuildFile; fileRef = E71FF4832482EA2E0001EC06 /* ShowTweetModel.swift */; };
		F24359B467CDA598D0443D4B /* Pods_FavoriteListViewer.framework in Frameworks */ = {isa = PBXBuildFile; fileRef = 59C92AC4294F3FF23B75A8FF /* Pods_FavoriteListViewer.framework */; };
/* End PBXBuildFile section */

/* Begin PBXFileReference section */
		59C92AC4294F3FF23B75A8FF /* Pods_FavoriteListViewer.framework */ = {isa = PBXFileReference; explicitFileType = wrapper.framework; includeInIndex = 0; path = Pods_FavoriteListViewer.framework; sourceTree = BUILT_PRODUCTS_DIR; };
		9F4A2A8E7FEEB63C2B76F6A6 /* Pods-FavoriteListViewer.release.xcconfig */ = {isa = PBXFileReference; includeInIndex = 1; lastKnownFileType = text.xcconfig; name = "Pods-FavoriteListViewer.release.xcconfig"; path = "Target Support Files/Pods-FavoriteListViewer/Pods-FavoriteListViewer.release.xcconfig"; sourceTree = "<group>"; };
		D80AF129B434F893E57E2CFC /* Pods-FavoriteListViewer.debug.xcconfig */ = {isa = PBXFileReference; includeInIndex = 1; lastKnownFileType = text.xcconfig; name = "Pods-FavoriteListViewer.debug.xcconfig"; path = "Target Support Files/Pods-FavoriteListViewer/Pods-FavoriteListViewer.debug.xcconfig"; sourceTree = "<group>"; };
		E71FF44E24794C7D0001EC06 /* FavoriteListViewer.app */ = {isa = PBXFileReference; explicitFileType = wrapper.application; includeInIndex = 0; path = FavoriteListViewer.app; sourceTree = BUILT_PRODUCTS_DIR; };
		E71FF45124794C7D0001EC06 /* AppDelegate.swift */ = {isa = PBXFileReference; lastKnownFileType = sourcecode.swift; path = AppDelegate.swift; sourceTree = "<group>"; };
		E71FF45324794C7D0001EC06 /* SceneDelegate.swift */ = {isa = PBXFileReference; lastKnownFileType = sourcecode.swift; path = SceneDelegate.swift; sourceTree = "<group>"; };
		E71FF45524794C7D0001EC06 /* ViewController.swift */ = {isa = PBXFileReference; lastKnownFileType = sourcecode.swift; path = ViewController.swift; sourceTree = "<group>"; };
		E71FF45824794C7D0001EC06 /* Base */ = {isa = PBXFileReference; lastKnownFileType = file.storyboard; name = Base; path = Base.lproj/Main.storyboard; sourceTree = "<group>"; };
		E71FF45A24794C800001EC06 /* Assets.xcassets */ = {isa = PBXFileReference; lastKnownFileType = folder.assetcatalog; path = Assets.xcassets; sourceTree = "<group>"; };
		E71FF45D24794C800001EC06 /* Base */ = {isa = PBXFileReference; lastKnownFileType = file.storyboard; name = Base; path = Base.lproj/LaunchScreen.storyboard; sourceTree = "<group>"; };
		E71FF45F24794C800001EC06 /* Info.plist */ = {isa = PBXFileReference; lastKnownFileType = text.plist.xml; path = Info.plist; sourceTree = "<group>"; };
		E71FF465247951570001EC06 /* HomeViewController.swift */ = {isa = PBXFileReference; lastKnownFileType = sourcecode.swift; path = HomeViewController.swift; sourceTree = "<group>"; };
		E71FF468247951970001EC06 /* TimeLineVoewController.swift */ = {isa = PBXFileReference; lastKnownFileType = sourcecode.swift; path = TimeLineVoewController.swift; sourceTree = "<group>"; };
		E71FF46A247951BE0001EC06 /* GetLikesList.swift */ = {isa = PBXFileReference; lastKnownFileType = sourcecode.swift; path = GetLikesList.swift; sourceTree = "<group>"; };
		E71FF46D247952130001EC06 /* TimeLineCell.swift */ = {isa = PBXFileReference; lastKnownFileType = sourcecode.swift; path = TimeLineCell.swift; sourceTree = "<group>"; };
		E71FF470247952960001EC06 /* CastomClass.swift */ = {isa = PBXFileReference; lastKnownFileType = sourcecode.swift; path = CastomClass.swift; sourceTree = "<group>"; };
		E71FF472247952BB0001EC06 /* TweetDataModel.swift */ = {isa = PBXFileReference; lastKnownFileType = sourcecode.swift; path = TweetDataModel.swift; sourceTree = "<group>"; };
		E71FF474247953420001EC06 /* Authentication.swift */ = {isa = PBXFileReference; lastKnownFileType = sourcecode.swift; path = Authentication.swift; sourceTree = "<group>"; };
		E71FF4762479586D0001EC06 /* GoogleService-Info.plist */ = {isa = PBXFileReference; fileEncoding = 4; lastKnownFileType = text.plist.xml; path = "GoogleService-Info.plist"; sourceTree = "<group>"; };
		E71FF47824795B010001EC06 /* CategoryData.swift */ = {isa = PBXFileReference; lastKnownFileType = sourcecode.swift; path = CategoryData.swift; sourceTree = "<group>"; };
		E71FF47B2479BBE90001EC06 /* ColorCode.swift */ = {isa = PBXFileReference; lastKnownFileType = sourcecode.swift; path = ColorCode.swift; sourceTree = "<group>"; };
		E71FF47D247A41D60001EC06 /* AddCategoryViewController.swift */ = {isa = PBXFileReference; lastKnownFileType = sourcecode.swift; path = AddCategoryViewController.swift; sourceTree = "<group>"; };
		E71FF47F247F27B60001EC06 /* TweetMedia.swift */ = {isa = PBXFileReference; lastKnownFileType = sourcecode.swift; path = TweetMedia.swift; sourceTree = "<group>"; };
		E71FF481247F823A0001EC06 /* RealmObject.swift */ = {isa = PBXFileReference; lastKnownFileType = sourcecode.swift; path = RealmObject.swift; sourceTree = "<group>"; };
		E71FF4832482EA2E0001EC06 /* ShowTweetModel.swift */ = {isa = PBXFileReference; lastKnownFileType = sourcecode.swift; path = ShowTweetModel.swift; sourceTree = "<group>"; };
/* End PBXFileReference section */

/* Begin PBXFrameworksBuildPhase section */
		E71FF44B24794C7D0001EC06 /* Frameworks */ = {
			isa = PBXFrameworksBuildPhase;
			buildActionMask = 2147483647;
			files = (
				F24359B467CDA598D0443D4B /* Pods_FavoriteListViewer.framework in Frameworks */,
			);
			runOnlyForDeploymentPostprocessing = 0;
		};
/* End PBXFrameworksBuildPhase section */

/* Begin PBXGroup section */
		388D9FB39F2FA6E5F67A6887 /* Pods */ = {
			isa = PBXGroup;
			children = (
				D80AF129B434F893E57E2CFC /* Pods-FavoriteListViewer.debug.xcconfig */,
				9F4A2A8E7FEEB63C2B76F6A6 /* Pods-FavoriteListViewer.release.xcconfig */,
			);
			path = Pods;
			sourceTree = "<group>";
		};
		B07EF0B2E1DA61A2E3000C5F /* Frameworks */ = {
			isa = PBXGroup;
			children = (
				59C92AC4294F3FF23B75A8FF /* Pods_FavoriteListViewer.framework */,
			);
			name = Frameworks;
			sourceTree = "<group>";
		};
		E71FF44524794C7D0001EC06 = {
			isa = PBXGroup;
			children = (
				E71FF45024794C7D0001EC06 /* FavoriteListViewer */,
				E71FF44F24794C7D0001EC06 /* Products */,
				388D9FB39F2FA6E5F67A6887 /* Pods */,
				B07EF0B2E1DA61A2E3000C5F /* Frameworks */,
			);
			sourceTree = "<group>";
		};
		E71FF44F24794C7D0001EC06 /* Products */ = {
			isa = PBXGroup;
			children = (
				E71FF44E24794C7D0001EC06 /* FavoriteListViewer.app */,
			);
			name = Products;
			sourceTree = "<group>";
		};
		E71FF45024794C7D0001EC06 /* FavoriteListViewer */ = {
			isa = PBXGroup;
			children = (
				E71FF45124794C7D0001EC06 /* AppDelegate.swift */,
				E71FF45324794C7D0001EC06 /* SceneDelegate.swift */,
				E71FF47A2479BBD00001EC06 /* OtherFiles */,
				E71FF45524794C7D0001EC06 /* ViewController.swift */,
				E71FF46C247951CF0001EC06 /* Model */,
				E71FF46F2479522F0001EC06 /* View */,
				E71FF467247951770001EC06 /* Controller */,
				E71FF45A24794C800001EC06 /* Assets.xcassets */,
				E71FF45C24794C800001EC06 /* LaunchScreen.storyboard */,
				E71FF4762479586D0001EC06 /* GoogleService-Info.plist */,
				E71FF45724794C7D0001EC06 /* Main.storyboard */,
				E71FF45F24794C800001EC06 /* Info.plist */,
			);
			path = FavoriteListViewer;
			sourceTree = "<group>";
		};
		E71FF467247951770001EC06 /* Controller */ = {
			isa = PBXGroup;
			children = (
				E71FF468247951970001EC06 /* TimeLineVoewController.swift */,
				E71FF465247951570001EC06 /* HomeViewController.swift */,
				E71FF47D247A41D60001EC06 /* AddCategoryViewController.swift */,
			);
			path = Controller;
			sourceTree = "<group>";
		};
		E71FF46C247951CF0001EC06 /* Model */ = {
			isa = PBXGroup;
			children = (
				E71FF46A247951BE0001EC06 /* GetLikesList.swift */,
				E71FF472247952BB0001EC06 /* TweetDataModel.swift */,
				E71FF481247F823A0001EC06 /* RealmObject.swift */,
				E71FF47824795B010001EC06 /* CategoryData.swift */,
				E71FF474247953420001EC06 /* Authentication.swift */,
				E71FF4832482EA2E0001EC06 /* ShowTweetModel.swift */,
			);
			path = Model;
			sourceTree = "<group>";
		};
		E71FF46F2479522F0001EC06 /* View */ = {
			isa = PBXGroup;
			children = (
				E71FF46D247952130001EC06 /* TimeLineCell.swift */,
				E71FF47F247F27B60001EC06 /* TweetMedia.swift */,
			);
			path = View;
			sourceTree = "<group>";
		};
		E71FF47A2479BBD00001EC06 /* OtherFiles */ = {
			isa = PBXGroup;
			children = (
				E71FF470247952960001EC06 /* CastomClass.swift */,
				E71FF47B2479BBE90001EC06 /* ColorCode.swift */,
			);
			path = OtherFiles;
			sourceTree = "<group>";
		};
/* End PBXGroup section */

/* Begin PBXNativeTarget section */
		E71FF44D24794C7D0001EC06 /* FavoriteListViewer */ = {
			isa = PBXNativeTarget;
			buildConfigurationList = E71FF46224794C800001EC06 /* Build configuration list for PBXNativeTarget "FavoriteListViewer" */;
			buildPhases = (
				1C4AB682F10630DF6911BCD5 /* [CP] Check Pods Manifest.lock */,
				E71FF44A24794C7D0001EC06 /* Sources */,
				E71FF44B24794C7D0001EC06 /* Frameworks */,
				E71FF44C24794C7D0001EC06 /* Resources */,
				DF898DE5F5F28915C18C9CD8 /* [CP] Embed Pods Frameworks */,
			);
			buildRules = (
			);
			dependencies = (
			);
			name = FavoriteListViewer;
			productName = FavoriteListViewer;
			productReference = E71FF44E24794C7D0001EC06 /* FavoriteListViewer.app */;
			productType = "com.apple.product-type.application";
		};
/* End PBXNativeTarget section */

/* Begin PBXProject section */
		E71FF44624794C7D0001EC06 /* Project object */ = {
			isa = PBXProject;
			attributes = {
				LastSwiftUpdateCheck = 1150;
				LastUpgradeCheck = 1150;
				ORGANIZATIONNAME = "Keisuke Ueda";
				TargetAttributes = {
					E71FF44D24794C7D0001EC06 = {
						CreatedOnToolsVersion = 11.5;
					};
				};
			};
			buildConfigurationList = E71FF44924794C7D0001EC06 /* Build configuration list for PBXProject "FavoriteListViewer" */;
			compatibilityVersion = "Xcode 9.3";
			developmentRegion = en;
			hasScannedForEncodings = 0;
			knownRegions = (
				en,
				Base,
			);
			mainGroup = E71FF44524794C7D0001EC06;
			productRefGroup = E71FF44F24794C7D0001EC06 /* Products */;
			projectDirPath = "";
			projectRoot = "";
			targets = (
				E71FF44D24794C7D0001EC06 /* FavoriteListViewer */,
			);
		};
/* End PBXProject section */

/* Begin PBXResourcesBuildPhase section */
		E71FF44C24794C7D0001EC06 /* Resources */ = {
			isa = PBXResourcesBuildPhase;
			buildActionMask = 2147483647;
			files = (
				E71FF45E24794C800001EC06 /* LaunchScreen.storyboard in Resources */,
				E71FF45B24794C800001EC06 /* Assets.xcassets in Resources */,
				E71FF45924794C7D0001EC06 /* Main.storyboard in Resources */,
				E71FF4772479586D0001EC06 /* GoogleService-Info.plist in Resources */,
			);
			runOnlyForDeploymentPostprocessing = 0;
		};
/* End PBXResourcesBuildPhase section */

/* Begin PBXShellScriptBuildPhase section */
		1C4AB682F10630DF6911BCD5 /* [CP] Check Pods Manifest.lock */ = {
			isa = PBXShellScriptBuildPhase;
			buildActionMask = 2147483647;
			files = (
			);
			inputFileListPaths = (
			);
			inputPaths = (
				"${PODS_PODFILE_DIR_PATH}/Podfile.lock",
				"${PODS_ROOT}/Manifest.lock",
			);
			name = "[CP] Check Pods Manifest.lock";
			outputFileListPaths = (
			);
			outputPaths = (
				"$(DERIVED_FILE_DIR)/Pods-FavoriteListViewer-checkManifestLockResult.txt",
			);
			runOnlyForDeploymentPostprocessing = 0;
			shellPath = /bin/sh;
			shellScript = "diff \"${PODS_PODFILE_DIR_PATH}/Podfile.lock\" \"${PODS_ROOT}/Manifest.lock\" > /dev/null\nif [ $? != 0 ] ; then\n    # print error to STDERR\n    echo \"error: The sandbox is not in sync with the Podfile.lock. Run 'pod install' or update your CocoaPods installation.\" >&2\n    exit 1\nfi\n# This output is used by Xcode 'outputs' to avoid re-running this script phase.\necho \"SUCCESS\" > \"${SCRIPT_OUTPUT_FILE_0}\"\n";
			showEnvVarsInLog = 0;
		};
		DF898DE5F5F28915C18C9CD8 /* [CP] Embed Pods Frameworks */ = {
			isa = PBXShellScriptBuildPhase;
			buildActionMask = 2147483647;
			files = (
			);
			inputFileListPaths = (
				"${PODS_ROOT}/Target Support Files/Pods-FavoriteListViewer/Pods-FavoriteListViewer-frameworks-${CONFIGURATION}-input-files.xcfilelist",
			);
			name = "[CP] Embed Pods Frameworks";
			outputFileListPaths = (
				"${PODS_ROOT}/Target Support Files/Pods-FavoriteListViewer/Pods-FavoriteListViewer-frameworks-${CONFIGURATION}-output-files.xcfilelist",
			);
			runOnlyForDeploymentPostprocessing = 0;
			shellPath = /bin/sh;
			shellScript = "\"${PODS_ROOT}/Target Support Files/Pods-FavoriteListViewer/Pods-FavoriteListViewer-frameworks.sh\"\n";
			showEnvVarsInLog = 0;
		};
/* End PBXShellScriptBuildPhase section */

/* Begin PBXSourcesBuildPhase section */
		E71FF44A24794C7D0001EC06 /* Sources */ = {
			isa = PBXSourcesBuildPhase;
			buildActionMask = 2147483647;
			files = (
				E71FF469247951970001EC06 /* TimeLineVoewController.swift in Sources */,
				E71FF471247952960001EC06 /* CastomClass.swift in Sources */,
				E71FF480247F27B70001EC06 /* TweetMedia.swift in Sources */,
				E71FF45624794C7D0001EC06 /* ViewController.swift in Sources */,
				E71FF475247953420001EC06 /* Authentication.swift in Sources */,
				E71FF47C2479BBE90001EC06 /* ColorCode.swift in Sources */,
				E71FF45224794C7D0001EC06 /* AppDelegate.swift in Sources */,
				E71FF47E247A41D60001EC06 /* AddCategoryViewController.swift in Sources */,
				E71FF482247F823A0001EC06 /* RealmObject.swift in Sources */,
				E71FF45424794C7D0001EC06 /* SceneDelegate.swift in Sources */,
				E71FF4842482EA2E0001EC06 /* ShowTweetModel.swift in Sources */,
				E71FF473247952BB0001EC06 /* TweetDataModel.swift in Sources */,
				E71FF466247951570001EC06 /* HomeViewController.swift in Sources */,
				E71FF47924795B010001EC06 /* CategoryData.swift in Sources */,
				E71FF46B247951BE0001EC06 /* GetLikesList.swift in Sources */,
				E71FF46E247952130001EC06 /* TimeLineCell.swift in Sources */,
			);
			runOnlyForDeploymentPostprocessing = 0;
		};
/* End PBXSourcesBuildPhase section */

/* Begin PBXVariantGroup section */
		E71FF45724794C7D0001EC06 /* Main.storyboard */ = {
			isa = PBXVariantGroup;
			children = (
				E71FF45824794C7D0001EC06 /* Base */,
			);
			name = Main.storyboard;
			sourceTree = "<group>";
		};
		E71FF45C24794C800001EC06 /* LaunchScreen.storyboard */ = {
			isa = PBXVariantGroup;
			children = (
				E71FF45D24794C800001EC06 /* Base */,
			);
			name = LaunchScreen.storyboard;
			sourceTree = "<group>";
		};
/* End PBXVariantGroup section */

/* Begin XCBuildConfiguration section */
		E71FF46024794C800001EC06 /* Debug */ = {
			isa = XCBuildConfiguration;
			buildSettings = {
				ALWAYS_SEARCH_USER_PATHS = NO;
				CLANG_ANALYZER_NONNULL = YES;
				CLANG_ANALYZER_NUMBER_OBJECT_CONVERSION = YES_AGGRESSIVE;
				CLANG_CXX_LANGUAGE_STANDARD = "gnu++14";
				CLANG_CXX_LIBRARY = "libc++";
				CLANG_ENABLE_MODULES = YES;
				CLANG_ENABLE_OBJC_ARC = YES;
				CLANG_ENABLE_OBJC_WEAK = YES;
				CLANG_WARN_BLOCK_CAPTURE_AUTORELEASING = YES;
				CLANG_WARN_BOOL_CONVERSION = YES;
				CLANG_WARN_COMMA = YES;
				CLANG_WARN_CONSTANT_CONVERSION = YES;
				CLANG_WARN_DEPRECATED_OBJC_IMPLEMENTATIONS = YES;
				CLANG_WARN_DIRECT_OBJC_ISA_USAGE = YES_ERROR;
				CLANG_WARN_DOCUMENTATION_COMMENTS = YES;
				CLANG_WARN_EMPTY_BODY = YES;
				CLANG_WARN_ENUM_CONVERSION = YES;
				CLANG_WARN_INFINITE_RECURSION = YES;
				CLANG_WARN_INT_CONVERSION = YES;
				CLANG_WARN_NON_LITERAL_NULL_CONVERSION = YES;
				CLANG_WARN_OBJC_IMPLICIT_RETAIN_SELF = YES;
				CLANG_WARN_OBJC_LITERAL_CONVERSION = YES;
				CLANG_WARN_OBJC_ROOT_CLASS = YES_ERROR;
				CLANG_WARN_RANGE_LOOP_ANALYSIS = YES;
				CLANG_WARN_STRICT_PROTOTYPES = YES;
				CLANG_WARN_SUSPICIOUS_MOVE = YES;
				CLANG_WARN_UNGUARDED_AVAILABILITY = YES_AGGRESSIVE;
				CLANG_WARN_UNREACHABLE_CODE = YES;
				CLANG_WARN__DUPLICATE_METHOD_MATCH = YES;
				COPY_PHASE_STRIP = NO;
				DEBUG_INFORMATION_FORMAT = dwarf;
				ENABLE_STRICT_OBJC_MSGSEND = YES;
				ENABLE_TESTABILITY = YES;
				GCC_C_LANGUAGE_STANDARD = gnu11;
				GCC_DYNAMIC_NO_PIC = NO;
				GCC_NO_COMMON_BLOCKS = YES;
				GCC_OPTIMIZATION_LEVEL = 0;
				GCC_PREPROCESSOR_DEFINITIONS = (
					"DEBUG=1",
					"$(inherited)",
				);
				GCC_WARN_64_TO_32_BIT_CONVERSION = YES;
				GCC_WARN_ABOUT_RETURN_TYPE = YES_ERROR;
				GCC_WARN_UNDECLARED_SELECTOR = YES;
				GCC_WARN_UNINITIALIZED_AUTOS = YES_AGGRESSIVE;
				GCC_WARN_UNUSED_FUNCTION = YES;
				GCC_WARN_UNUSED_VARIABLE = YES;
				IPHONEOS_DEPLOYMENT_TARGET = 13.5;
				MTL_ENABLE_DEBUG_INFO = INCLUDE_SOURCE;
				MTL_FAST_MATH = YES;
				ONLY_ACTIVE_ARCH = YES;
				SDKROOT = iphoneos;
				SWIFT_ACTIVE_COMPILATION_CONDITIONS = DEBUG;
				SWIFT_OPTIMIZATION_LEVEL = "-Onone";
			};
			name = Debug;
		};
		E71FF46124794C800001EC06 /* Release */ = {
			isa = XCBuildConfiguration;
			buildSettings = {
				ALWAYS_SEARCH_USER_PATHS = NO;
				CLANG_ANALYZER_NONNULL = YES;
				CLANG_ANALYZER_NUMBER_OBJECT_CONVERSION = YES_AGGRESSIVE;
				CLANG_CXX_LANGUAGE_STANDARD = "gnu++14";
				CLANG_CXX_LIBRARY = "libc++";
				CLANG_ENABLE_MODULES = YES;
				CLANG_ENABLE_OBJC_ARC = YES;
				CLANG_ENABLE_OBJC_WEAK = YES;
				CLANG_WARN_BLOCK_CAPTURE_AUTORELEASING = YES;
				CLANG_WARN_BOOL_CONVERSION = YES;
				CLANG_WARN_COMMA = YES;
				CLANG_WARN_CONSTANT_CONVERSION = YES;
				CLANG_WARN_DEPRECATED_OBJC_IMPLEMENTATIONS = YES;
				CLANG_WARN_DIRECT_OBJC_ISA_USAGE = YES_ERROR;
				CLANG_WARN_DOCUMENTATION_COMMENTS = YES;
				CLANG_WARN_EMPTY_BODY = YES;
				CLANG_WARN_ENUM_CONVERSION = YES;
				CLANG_WARN_INFINITE_RECURSION = YES;
				CLANG_WARN_INT_CONVERSION = YES;
				CLANG_WARN_NON_LITERAL_NULL_CONVERSION = YES;
				CLANG_WARN_OBJC_IMPLICIT_RETAIN_SELF = YES;
				CLANG_WARN_OBJC_LITERAL_CONVERSION = YES;
				CLANG_WARN_OBJC_ROOT_CLASS = YES_ERROR;
				CLANG_WARN_RANGE_LOOP_ANALYSIS = YES;
				CLANG_WARN_STRICT_PROTOTYPES = YES;
				CLANG_WARN_SUSPICIOUS_MOVE = YES;
				CLANG_WARN_UNGUARDED_AVAILABILITY = YES_AGGRESSIVE;
				CLANG_WARN_UNREACHABLE_CODE = YES;
				CLANG_WARN__DUPLICATE_METHOD_MATCH = YES;
				COPY_PHASE_STRIP = NO;
				DEBUG_INFORMATION_FORMAT = "dwarf-with-dsym";
				ENABLE_NS_ASSERTIONS = NO;
				ENABLE_STRICT_OBJC_MSGSEND = YES;
				GCC_C_LANGUAGE_STANDARD = gnu11;
				GCC_NO_COMMON_BLOCKS = YES;
				GCC_WARN_64_TO_32_BIT_CONVERSION = YES;
				GCC_WARN_ABOUT_RETURN_TYPE = YES_ERROR;
				GCC_WARN_UNDECLARED_SELECTOR = YES;
				GCC_WARN_UNINITIALIZED_AUTOS = YES_AGGRESSIVE;
				GCC_WARN_UNUSED_FUNCTION = YES;
				GCC_WARN_UNUSED_VARIABLE = YES;
				IPHONEOS_DEPLOYMENT_TARGET = 13.5;
				MTL_ENABLE_DEBUG_INFO = NO;
				MTL_FAST_MATH = YES;
				SDKROOT = iphoneos;
				SWIFT_COMPILATION_MODE = wholemodule;
				SWIFT_OPTIMIZATION_LEVEL = "-O";
				VALIDATE_PRODUCT = YES;
			};
			name = Release;
		};
		E71FF46324794C800001EC06 /* Debug */ = {
			isa = XCBuildConfiguration;
			baseConfigurationReference = D80AF129B434F893E57E2CFC /* Pods-FavoriteListViewer.debug.xcconfig */;
			buildSettings = {
				ASSETCATALOG_COMPILER_APPICON_NAME = AppIcon;
				CODE_SIGN_STYLE = Automatic;
				DEVELOPMENT_TEAM = D2B3JPR4TJ;
				INFOPLIST_FILE = FavoriteListViewer/Info.plist;
				LD_RUNPATH_SEARCH_PATHS = (
					"$(inherited)",
					"@executable_path/Frameworks",
				);
				PRODUCT_BUNDLE_IDENTIFIER = jp.kei.FavoriteListViewer;
				PRODUCT_NAME = "$(TARGET_NAME)";
				SWIFT_VERSION = 5.0;
				TARGETED_DEVICE_FAMILY = "1,2";
			};
			name = Debug;
		};
		E71FF46424794C800001EC06 /* Release */ = {
			isa = XCBuildConfiguration;
			baseConfigurationReference = 9F4A2A8E7FEEB63C2B76F6A6 /* Pods-FavoriteListViewer.release.xcconfig */;
			buildSettings = {
				ASSETCATALOG_COMPILER_APPICON_NAME = AppIcon;
				CODE_SIGN_STYLE = Automatic;
				DEVELOPMENT_TEAM = D2B3JPR4TJ;
				INFOPLIST_FILE = FavoriteListViewer/Info.plist;
				LD_RUNPATH_SEARCH_PATHS = (
					"$(inherited)",
					"@executable_path/Frameworks",
				);
				PRODUCT_BUNDLE_IDENTIFIER = jp.kei.FavoriteListViewer;
				PRODUCT_NAME = "$(TARGET_NAME)";
				SWIFT_VERSION = 5.0;
				TARGETED_DEVICE_FAMILY = "1,2";
			};
			name = Release;
		};
/* End XCBuildConfiguration section */

/* Begin XCConfigurationList section */
		E71FF44924794C7D0001EC06 /* Build configuration list for PBXProject "FavoriteListViewer" */ = {
			isa = XCConfigurationList;
			buildConfigurations = (
				E71FF46024794C800001EC06 /* Debug */,
				E71FF46124794C800001EC06 /* Release */,
			);
			defaultConfigurationIsVisible = 0;
			defaultConfigurationName = Release;
		};
		E71FF46224794C800001EC06 /* Build configuration list for PBXNativeTarget "FavoriteListViewer" */ = {
			isa = XCConfigurationList;
			buildConfigurations = (
				E71FF46324794C800001EC06 /* Debug */,
				E71FF46424794C800001EC06 /* Release */,
			);
			defaultConfigurationIsVisible = 0;
			defaultConfigurationName = Release;
		};
/* End XCConfigurationList section */
	};
	rootObject = E71FF44624794C7D0001EC06 /* Project object */;
}
